
Microsoft Visual Studio Solution File, Format Version 12.00
# Visual Studio Version 16
VisualStudioVersion = 16.0.32407.337
MinimumVisualStudioVersion = 10.0.40219.1
Project("{9A19103F-16F7-4668-BE54-9A1E7A4F7556}") = "C-Sharp-Lesson-1-Homework", "C-Sharp-Lesson-1-Homework\C-Sharp-Lesson-1-Homework.csproj", "{A4005C89-AFF1-40CE-8476-6D26D6E8B3CD}"
EndProject
Project("{9A19103F-16F7-4668-BE54-9A1E7A4F7556}") = "C-Sharp-Lesson-3-Homework", "C-Sharp-Lesson-3-Homework\C-Sharp-Lesson-3-Homework.csproj", "{6C72F00B-E383-49BF-94B9-4F32BBCCD44A}"
EndProject
Project("{9A19103F-16F7-4668-BE54-9A1E7A4F7556}") = "C-Sharp-Lesson-3-part1", "C-Sharp-Lesson-3-part1\C-Sharp-Lesson-3-part1.csproj", "{9657E84E-63FA-4E3C-A9AE-13FFF7247EDB}"
EndProject
Project("{9A19103F-16F7-4668-BE54-9A1E7A4F7556}") = "Hw4", "Hw4\Hw4.csproj", "{3BB303A8-9310-47F6-979C-BF28D4180F8C}"
EndProject
Project("{FAE04EC0-301F-11D3-BF4B-00C04F79EFBC}") = "Hw4-part2", "Hw4-part2\Hw4-part2.csproj", "{47C37DF3-9EAA-40AE-BA26-AE46582543D7}"
EndProject
Project("{FAE04EC0-301F-11D3-BF4B-00C04F79EFBC}") = "Practice", "Practice\Practice.csproj", "{EB5C931B-864F-4DEE-999A-4DC00B1E33B2}"
EndProject
Global
	GlobalSection(SolutionConfigurationPlatforms) = preSolution
		Debug|Any CPU = Debug|Any CPU
		Release|Any CPU = Release|Any CPU
	EndGlobalSection
	GlobalSection(ProjectConfigurationPlatforms) = postSolution
		{A4005C89-AFF1-40CE-8476-6D26D6E8B3CD}.Debug|Any CPU.ActiveCfg = Debug|Any CPU
		{A4005C89-AFF1-40CE-8476-6D26D6E8B3CD}.Debug|Any CPU.Build.0 = Debug|Any CPU
		{A4005C89-AFF1-40CE-8476-6D26D6E8B3CD}.Release|Any CPU.ActiveCfg = Release|Any CPU
		{A4005C89-AFF1-40CE-8476-6D26D6E8B3CD}.Release|Any CPU.Build.0 = Release|Any CPU
		{6C72F00B-E383-49BF-94B9-4F32BBCCD44A}.Debug|Any CPU.ActiveCfg = Debug|Any CPU
		{6C72F00B-E383-49BF-94B9-4F32BBCCD44A}.Debug|Any CPU.Build.0 = Debug|Any CPU
		{6C72F00B-E383-49BF-94B9-4F32BBCCD44A}.Release|Any CPU.ActiveCfg = Release|Any CPU
		{6C72F00B-E383-49BF-94B9-4F32BBCCD44A}.Release|Any CPU.Build.0 = Release|Any CPU
		{9657E84E-63FA-4E3C-A9AE-13FFF7247EDB}.Debug|Any CPU.ActiveCfg = Debug|Any CPU
		{9657E84E-63FA-4E3C-A9AE-13FFF7247EDB}.Debug|Any CPU.Build.0 = Debug|Any CPU
		{9657E84E-63FA-4E3C-A9AE-13FFF7247EDB}.Release|Any CPU.ActiveCfg = Release|Any CPU
		{9657E84E-63FA-4E3C-A9AE-13FFF7247EDB}.Release|Any CPU.Build.0 = Release|Any CPU
		{3BB303A8-9310-47F6-979C-BF28D4180F8C}.Debug|Any CPU.ActiveCfg = Debug|Any CPU
		{3BB303A8-9310-47F6-979C-BF28D4180F8C}.Debug|Any CPU.Build.0 = Debug|Any CPU
		{3BB303A8-9310-47F6-979C-BF28D4180F8C}.Release|Any CPU.ActiveCfg = Release|Any CPU
		{3BB303A8-9310-47F6-979C-BF28D4180F8C}.Release|Any CPU.Build.0 = Release|Any CPU
		{47C37DF3-9EAA-40AE-BA26-AE46582543D7}.Debug|Any CPU.ActiveCfg = Debug|Any CPU
		{47C37DF3-9EAA-40AE-BA26-AE46582543D7}.Debug|Any CPU.Build.0 = Debug|Any CPU
		{47C37DF3-9EAA-40AE-BA26-AE46582543D7}.Release|Any CPU.ActiveCfg = Release|Any CPU
		{47C37DF3-9EAA-40AE-BA26-AE46582543D7}.Release|Any CPU.Build.0 = Release|Any CPU
		{EB5C931B-864F-4DEE-999A-4DC00B1E33B2}.Debug|Any CPU.ActiveCfg = Debug|Any CPU
		{EB5C931B-864F-4DEE-999A-4DC00B1E33B2}.Debug|Any CPU.Build.0 = Debug|Any CPU
		{EB5C931B-864F-4DEE-999A-4DC00B1E33B2}.Release|Any CPU.ActiveCfg = Release|Any CPU
		{EB5C931B-864F-4DEE-999A-4DC00B1E33B2}.Release|Any CPU.Build.0 = Release|Any CPU
	EndGlobalSection
	GlobalSection(SolutionProperties) = preSolution
		HideSolutionNode = FALSE
	EndGlobalSection
	GlobalSection(ExtensibilityGlobals) = postSolution
		SolutionGuid = {87450D57-2523-4535-870F-1FBEBC075B20}
	EndGlobalSection
EndGlobal
